github.com/klauspost/cpuid/v2 v2.0.9 h1:lgaqFMSdTdQYdZ04uHyN2d/eKdOMyi2YLSvlQIBFYa4=
github.com/klauspost/cpuid/v2 v2.0.9/go.mod h1:FInQzS24/EEf25PyTYn52gqo7WaD8xa0213Md/qVLRg=
github.com/odvcencio/gotreesitter v0.20.4 h1:ByyXlrgyskN4kbX26Nd0BV10D18iKa+cEuLPUSKZF24=
github.com/odvcencio/gotreesitter v0.20.4/go.mod h1:hBVkghd0paaYAVwd2087vfwdeU984bQbMo9LvpE0moo=
lukechampine.com/blake3 v1.4.1 h1:I3Smz7gso8w4/TunLKec6K2fn+kyKtDxr/xcQEN84Wg=
lukechampine.com/blake3 v1.4.1/go.mod h1:QFosUxmjB8mnrWFSNwKmvxHpfY72bmD2tQ0kBMM3kwo=
m31labs.dev/mll v0.1.0 h1:NQW/QlIVr0mnOUr0xNH4SHsgAiPH82KyY7XlQNHcABQ=
m31labs.dev/mll v0.1.0/go.mod h1:7NwSeLhUULCN4Ylcdm9ICzJsAlZWvqH0l0RYkuxTd6w=
m31labs.dev/prism v0.1.2 h1:KXnlxiYSte0MIj9IEjrCgeTmvXpkRb4qhNHH9cME5ms=
m31labs.dev/prism v0.1.2/go.mod h1:y3Eg5GDXRB6G0rNIPOOnmFXpmZGjy4eOjyDMORyWHf8=
m31labs.dev/turboquant v0.2.0 h1:Ej3pN8mTFlvANNJAHfvamofCSrOkTrP2DhlxZZ5QyOs=
m31labs.dev/turboquant v0.2.0/go.mod h1:7nkx3Sf/xgz/6V992ePuUpXTN6HyWL+2ueOGCEdlg84=
m31labs.dev/turboquant v0.2.1 h1:J6jY43qeZZkqjBcV0qASX9KA640uf5pAqbdfHWv+Hbo=
m31labs.dev/turboquant v0.2.1/go.mod h1:7nkx3Sf/xgz/6V992ePuUpXTN6HyWL+2ueOGCEdlg84=
